
Microsoft Visual Studio Solution File, Format Version 12.00
# Visual Studio 15
VisualStudioVersion = 15.0.28307.168
MinimumVisualStudioVersion = 10.0.40219.1
Project("{9A19103F-16F7-4668-BE54-9A1E7A4F7556}") = "AppLabs.EntityFramework", "AppLabs.EntityFramework\AppLabs.EntityFramework.csproj", "{B4461456-AB52-4862-AA79-CE1D3D2CA6A5}"
EndProject
Project("{FAE04EC0-301F-11D3-BF4B-00C04F79EFBC}") = "AppLabs.EntityFramework.Test", "AppLabs.EntityFramework.Test\AppLabs.EntityFramework.Test.csproj", "{5B4A9ABF-8A97-47DA-A01F-BB0133199BB2}"
EndProject
Global
	GlobalSection(SolutionConfigurationPlatforms) = preSolution
		Debug|Any CPU = Debug|Any CPU
		Release|Any CPU = Release|Any CPU
	EndGlobalSection
	GlobalSection(ProjectConfigurationPlatforms) = postSolution
		{B4461456-AB52-4862-AA79-CE1D3D2CA6A5}.Debug|Any CPU.ActiveCfg = Debug|Any CPU
		{B4461456-AB52-4862-AA79-CE1D3D2CA6A5}.Debug|Any CPU.Build.0 = Debug|Any CPU
		{B4461456-AB52-4862-AA79-CE1D3D2CA6A5}.Release|Any CPU.ActiveCfg = Release|Any CPU
		{B4461456-AB52-4862-AA79-CE1D3D2CA6A5}.Release|Any CPU.Build.0 = Release|Any CPU
		{5B4A9ABF-8A97-47DA-A01F-BB0133199BB2}.Debug|Any CPU.ActiveCfg = Debug|Any CPU
		{5B4A9ABF-8A97-47DA-A01F-BB0133199BB2}.Debug|Any CPU.Build.0 = Debug|Any CPU
		{5B4A9ABF-8A97-47DA-A01F-BB0133199BB2}.Release|Any CPU.ActiveCfg = Release|Any CPU
		{5B4A9ABF-8A97-47DA-A01F-BB0133199BB2}.Release|Any CPU.Build.0 = Release|Any CPU
	EndGlobalSection
	GlobalSection(SolutionProperties) = preSolution
		HideSolutionNode = FALSE
	EndGlobalSection
	GlobalSection(ExtensibilityGlobals) = postSolution
		SolutionGuid = {22D4B17F-C856-4CCE-88F9-C6BADA86C662}
	EndGlobalSection
EndGlobal
